
Microsoft Visual Studio Solution File, Format Version 10.00
# Visual Studio 2008
Project("{FAE04EC0-301F-11D3-BF4B-00C04F79EFBC}") = "EJ1", "EJ1\EJ1.csproj", "{88989C10-9CDD-44F3-A650-DB00BAEFD5FB}"
EndProject
Project("{FAE04EC0-301F-11D3-BF4B-00C04F79EFBC}") = "EJ2", "EJ2\EJ2.csproj", "{E4DC0A9D-88FC-4E3A-BDFD-B224892A28D1}"
EndProject
Project("{FAE04EC0-301F-11D3-BF4B-00C04F79EFBC}") = "EJ3", "EJ3\EJ3.csproj", "{7BB135D9-70BE-4DBD-8BCB-659215F46D28}"
EndProject
Project("{FAE04EC0-301F-11D3-BF4B-00C04F79EFBC}") = "EJ4", "EJ4\EJ4.csproj", "{26B480F3-887E-41FE-B0D8-6685895D2AB8}"
EndProject
Project("{FAE04EC0-301F-11D3-BF4B-00C04F79EFBC}") = "EJ5", "EJ5\EJ5.csproj", "{69F78BBF-2538-44C0-B8FD-0A2954FC816F}"
EndProject
Project("{FAE04EC0-301F-11D3-BF4B-00C04F79EFBC}") = "EJ6", "EJ6\EJ6.csproj", "{C2A08A15-535E-4D50-A17F-D1841DDAC238}"
EndProject
Project("{FAE04EC0-301F-11D3-BF4B-00C04F79EFBC}") = "EJ7", "EJ7\EJ7.csproj", "{A89DE95B-DAA3-4E52-8F52-E2E762E14C71}"
EndProject
Project("{FAE04EC0-301F-11D3-BF4B-00C04F79EFBC}") = "EJ8", "EJ8\EJ8.csproj", "{FAFC53EF-4AB7-4B66-8890-67CC941F6B53}"
EndProject
Global
	GlobalSection(SolutionConfigurationPlatforms) = preSolution
		Debug|Any CPU = Debug|Any CPU
		Release|Any CPU = Release|Any CPU
	EndGlobalSection
	GlobalSection(ProjectConfigurationPlatforms) = postSolution
		{88989C10-9CDD-44F3-A650-DB00BAEFD5FB}.Debug|Any CPU.ActiveCfg = Debug|Any CPU
		{88989C10-9CDD-44F3-A650-DB00BAEFD5FB}.Debug|Any CPU.Build.0 = Debug|Any CPU
		{88989C10-9CDD-44F3-A650-DB00BAEFD5FB}.Release|Any CPU.ActiveCfg = Release|Any CPU
		{88989C10-9CDD-44F3-A650-DB00BAEFD5FB}.Release|Any CPU.Build.0 = Release|Any CPU
		{E4DC0A9D-88FC-4E3A-BDFD-B224892A28D1}.Debug|Any CPU.ActiveCfg = Debug|Any CPU
		{E4DC0A9D-88FC-4E3A-BDFD-B224892A28D1}.Debug|Any CPU.Build.0 = Debug|Any CPU
		{E4DC0A9D-88FC-4E3A-BDFD-B224892A28D1}.Release|Any CPU.ActiveCfg = Release|Any CPU
		{E4DC0A9D-88FC-4E3A-BDFD-B224892A28D1}.Release|Any CPU.Build.0 = Release|Any CPU
		{7BB135D9-70BE-4DBD-8BCB-659215F46D28}.Debug|Any CPU.ActiveCfg = Debug|Any CPU
		{7BB135D9-70BE-4DBD-8BCB-659215F46D28}.Debug|Any CPU.Build.0 = Debug|Any CPU
		{7BB135D9-70BE-4DBD-8BCB-659215F46D28}.Release|Any CPU.ActiveCfg = Release|Any CPU
		{7BB135D9-70BE-4DBD-8BCB-659215F46D28}.Release|Any CPU.Build.0 = Release|Any CPU
		{26B480F3-887E-41FE-B0D8-6685895D2AB8}.Debug|Any CPU.ActiveCfg = Debug|Any CPU
		{26B480F3-887E-41FE-B0D8-6685895D2AB8}.Debug|Any CPU.Build.0 = Debug|Any CPU
		{26B480F3-887E-41FE-B0D8-6685895D2AB8}.Release|Any CPU.ActiveCfg = Release|Any CPU
		{26B480F3-887E-41FE-B0D8-6685895D2AB8}.Release|Any CPU.Build.0 = Release|Any CPU
		{69F78BBF-2538-44C0-B8FD-0A2954FC816F}.Debug|Any CPU.ActiveCfg = Debug|Any CPU
		{69F78BBF-2538-44C0-B8FD-0A2954FC816F}.Debug|Any CPU.Build.0 = Debug|Any CPU
		{69F78BBF-2538-44C0-B8FD-0A2954FC816F}.Release|Any CPU.ActiveCfg = Release|Any CPU
		{69F78BBF-2538-44C0-B8FD-0A2954FC816F}.Release|Any CPU.Build.0 = Release|Any CPU
		{C2A08A15-535E-4D50-A17F-D1841DDAC238}.Debug|Any CPU.ActiveCfg = Debug|Any CPU
		{C2A08A15-535E-4D50-A17F-D1841DDAC238}.Debug|Any CPU.Build.0 = Debug|Any CPU
		{C2A08A15-535E-4D50-A17F-D1841DDAC238}.Release|Any CPU.ActiveCfg = Release|Any CPU
		{C2A08A15-535E-4D50-A17F-D1841DDAC238}.Release|Any CPU.Build.0 = Release|Any CPU
		{A89DE95B-DAA3-4E52-8F52-E2E762E14C71}.Debug|Any CPU.ActiveCfg = Debug|Any CPU
		{A89DE95B-DAA3-4E52-8F52-E2E762E14C71}.Debug|Any CPU.Build.0 = Debug|Any CPU
		{A89DE95B-DAA3-4E52-8F52-E2E762E14C71}.Release|Any CPU.ActiveCfg = Release|Any CPU
		{A89DE95B-DAA3-4E52-8F52-E2E762E14C71}.Release|Any CPU.Build.0 = Release|Any CPU
		{FAFC53EF-4AB7-4B66-8890-67CC941F6B53}.Debug|Any CPU.ActiveCfg = Debug|Any CPU
		{FAFC53EF-4AB7-4B66-8890-67CC941F6B53}.Debug|Any CPU.Build.0 = Debug|Any CPU
		{FAFC53EF-4AB7-4B66-8890-67CC941F6B53}.Release|Any CPU.ActiveCfg = Release|Any CPU
		{FAFC53EF-4AB7-4B66-8890-67CC941F6B53}.Release|Any CPU.Build.0 = Release|Any CPU
	EndGlobalSection
	GlobalSection(SolutionProperties) = preSolution
		HideSolutionNode = FALSE
	EndGlobalSection
EndGlobal
